{
  "name": "san-template-parser-performance",
  "version": "1.0.0",
  "lockfileVersion": 1,
  "requires": true,
  "dependencies": {
    "san": {
      "version": "3.7.7",
      "resolved": "https://registry.npmjs.org/san/-/san-3.7.7.tgz",
      "integrity": "sha512-EJMFAqTOR7IcZtvM+JYlzSQFKQUQNbXuRSgoACcvWwPfc4ZbSNfGtBnrXKmB9O8t2MwuJExC0m1yFCg/w79gWg=="
    }
  }
}
